
Microsoft Visual Studio Solution File, Format Version 12.00
# Visual Studio Version 16
VisualStudioVersion = 16.0.29911.84
MinimumVisualStudioVersion = 10.0.40219.1
Project("{FAE04EC0-301F-11D3-BF4B-00C04F79EFBC}") = "JenkinsStudy", "JenkinsStudy\JenkinsStudy.csproj", "{D132DA06-F944-400D-82C6-AA5D778BF44C}"
EndProject
Global
	GlobalSection(SolutionConfigurationPlatforms) = preSolution
		Debug|Any CPU = Debug|Any CPU
		Release|Any CPU = Release|Any CPU
	EndGlobalSection
	GlobalSection(ProjectConfigurationPlatforms) = postSolution
		{D132DA06-F944-400D-82C6-AA5D778BF44C}.Debug|Any CPU.ActiveCfg = Debug|Any CPU
		{D132DA06-F944-400D-82C6-AA5D778BF44C}.Debug|Any CPU.Build.0 = Debug|Any CPU
		{D132DA06-F944-400D-82C6-AA5D778BF44C}.Release|Any CPU.ActiveCfg = Release|Any CPU
		{D132DA06-F944-400D-82C6-AA5D778BF44C}.Release|Any CPU.Build.0 = Release|Any CPU
	EndGlobalSection
	GlobalSection(SolutionProperties) = preSolution
		HideSolutionNode = FALSE
	EndGlobalSection
	GlobalSection(ExtensibilityGlobals) = postSolution
		SolutionGuid = {5A777B2F-8D44-4892-A8BC-F8F35B43D5F2}
	EndGlobalSection
EndGlobal
